// !$*UTF8*$!
{
	archiveVersion = 1;
	classes = {
	};
	objectVersion = 46;
	objects = {

/* Begin PBXBuildFile section */
		025CE05087AC5FB8268DEC08 /* Pods_Sampler.framework in Frameworks */ = {isa = PBXBuildFile; fileRef = 4121C48C7D7EBEE5AA4054ED /* Pods_Sampler.framework */; };
		E41481291A82507100F207B1 /* CanvaseViewController.m in Sources */ = {isa = PBXBuildFile; fileRef = E41481281A82507100F207B1 /* CanvaseViewController.m */; };
		E4423F071C746ED800F03B6A /* CommonTableViewCell.m in Sources */ = {isa = PBXBuildFile; fileRef = E4423F021C746ED800F03B6A /* CommonTableViewCell.m */; };
		E4423F081C746ED800F03B6A /* CommonTableViewController.m in Sources */ = {isa = PBXBuildFile; fileRef = E4423F041C746ED800F03B6A /* CommonTableViewController.m */; };
		E4423F091C746ED800F03B6A /* CommonTableViewSection.m in Sources */ = {isa = PBXBuildFile; fileRef = E4423F061C746ED800F03B6A /* CommonTableViewSection.m */; };
		E4423F0D1C7473FB00F03B6A /* CommonObject.m in Sources */ = {isa = PBXBuildFile; fileRef = E4423F0C1C7473FB00F03B6A /* CommonObject.m */; };
		E485E74A1A23731900BE0A55 /* main.m in Sources */ = {isa = PBXBuildFile; fileRef = E485E7491A23731900BE0A55 /* main.m */; };
		E485E74D1A23731A00BE0A55 /* AppDelegate.m in Sources */ = {isa = PBXBuildFile; fileRef = E485E74C1A23731A00BE0A55 /* AppDelegate.m */; };
		E485E7501A23731A00BE0A55 /* RootViewController.m in Sources */ = {isa = PBXBuildFile; fileRef = E485E74F1A23731A00BE0A55 /* RootViewController.m */; };
		E485E7531A23731A00BE0A55 /* Main.storyboard in Resources */ = {isa = PBXBuildFile; fileRef = E485E7511A23731A00BE0A55 /* Main.storyboard */; };
		E485E7551A23731A00BE0A55 /* Images.xcassets in Resources */ = {isa = PBXBuildFile; fileRef = E485E7541A23731A00BE0A55 /* Images.xcassets */; };
		E485E7581A23731A00BE0A55 /* LaunchScreen.xib in Resources */ = {isa = PBXBuildFile; fileRef = E485E7561A23731A00BE0A55 /* LaunchScreen.xib */; };
		E485E7641A23731A00BE0A55 /* SamplerTests.m in Sources */ = {isa = PBXBuildFile; fileRef = E485E7631A23731A00BE0A55 /* SamplerTests.m */; };
		E485E76F1A2373A000BE0A55 /* EditTextViewController.m in Sources */ = {isa = PBXBuildFile; fileRef = E485E76E1A2373A000BE0A55 /* EditTextViewController.m */; };
		E4B77A801A248C540072E221 /* SampleData.m in Sources */ = {isa = PBXBuildFile; fileRef = E4B77A7F1A248C540072E221 /* SampleData.m */; };
		E4B77A881A2496500072E221 /* SampleListTableViewCell.m in Sources */ = {isa = PBXBuildFile; fileRef = E4B77A861A2496500072E221 /* SampleListTableViewCell.m */; };
		E4B77A891A2496500072E221 /* SampleListTableViewCell.xib in Resources */ = {isa = PBXBuildFile; fileRef = E4B77A871A2496500072E221 /* SampleListTableViewCell.xib */; };
		E4B77A941A24B48B0072E221 /* DetailViewController.m in Sources */ = {isa = PBXBuildFile; fileRef = E4B77A921A24B48B0072E221 /* DetailViewController.m */; };
		E4E41A621A7F0B290097776E /* Localizable.strings in Resources */ = {isa = PBXBuildFile; fileRef = E4E41A611A7F0B290097776E /* Localizable.strings */; };
		E4E41A651A7F0B850097776E /* SamplerHelper.m in Sources */ = {isa = PBXBuildFile; fileRef = E4E41A641A7F0B850097776E /* SamplerHelper.m */; };
/* End PBXBuildFile section */

/* Begin PBXContainerItemProxy section */
		E485E75E1A23731A00BE0A55 /* PBXContainerItemProxy */ = {
			isa = PBXContainerItemProxy;
			containerPortal = E485E73C1A23731900BE0A55 /* Project object */;
			proxyType = 1;
			remoteGlobalIDString = E485E7431A23731900BE0A55;
			remoteInfo = Sampler;
		};
/* End PBXContainerItemProxy section */

/* Begin PBXFileReference section */
		4121C48C7D7EBEE5AA4054ED /* Pods_Sampler.framework */ = {isa = PBXFileReference; explicitFileType = wrapper.framework; includeInIndex = 0; path = Pods_Sampler.framework; sourceTree = BUILT_PRODUCTS_DIR; };
		565D4A70615DDDFB6EF0ADD0 /* Pods-Sampler.release.xcconfig */ = {isa = PBXFileReference; includeInIndex = 1; lastKnownFileType = text.xcconfig; name = "Pods-Sampler.release.xcconfig"; path = "Pods/Target Support Files/Pods-Sampler/Pods-Sampler.release.xcconfig"; sourceTree = "<group>"; };
		E41481271A82507100F207B1 /* CanvaseViewController.h */ = {isa = PBXFileReference; fileEncoding = 4; lastKnownFileType = sourcecode.c.h; name = CanvaseViewController.h; path = Canvas/CanvaseViewController.h; sourceTree = "<group>"; };
		E41481281A82507100F207B1 /* CanvaseViewController.m */ = {isa = PBXFileReference; fileEncoding = 4; lastKnownFileType = sourcecode.c.objc; name = CanvaseViewController.m; path = Canvas/CanvaseViewController.m; sourceTree = "<group>"; };
		E4423F011C746ED800F03B6A /* CommonTableViewCell.h */ = {isa = PBXFileReference; fileEncoding = 4; lastKnownFileType = sourcecode.c.h; path = CommonTableViewCell.h; sourceTree = "<group>"; };
		E4423F021C746ED800F03B6A /* CommonTableViewCell.m */ = {isa = PBXFileReference; fileEncoding = 4; lastKnownFileType = sourcecode.c.objc; path = CommonTableViewCell.m; sourceTree = "<group>"; };
		E4423F031C746ED800F03B6A /* CommonTableViewController.h */ = {isa = PBXFileReference; fileEncoding = 4; lastKnownFileType = sourcecode.c.h; path = CommonTableViewController.h; sourceTree = "<group>"; };
		E4423F041C746ED800F03B6A /* CommonTableViewController.m */ = {isa = PBXFileReference; fileEncoding = 4; lastKnownFileType = sourcecode.c.objc; path = CommonTableViewController.m; sourceTree = "<group>"; };
		E4423F051C746ED800F03B6A /* CommonTableViewSection.h */ = {isa = PBXFileReference; fileEncoding = 4; lastKnownFileType = sourcecode.c.h; path = CommonTableViewSection.h; sourceTree = "<group>"; };
		E4423F061C746ED800F03B6A /* CommonTableViewSection.m */ = {isa = PBXFileReference; fileEncoding = 4; lastKnownFileType = sourcecode.c.objc; path = CommonTableViewSection.m; sourceTree = "<group>"; };
		E4423F0B1C7473FB00F03B6A /* CommonObject.h */ = {isa = PBXFileReference; fileEncoding = 4; lastKnownFileType = sourcecode.c.h; name = CommonObject.h; path = Common/Object/CommonObject.h; sourceTree = "<group>"; };
		E4423F0C1C7473FB00F03B6A /* CommonObject.m */ = {isa = PBXFileReference; fileEncoding = 4; lastKnownFileType = sourcecode.c.objc; name = CommonObject.m; path = Common/Object/CommonObject.m; sourceTree = "<group>"; };
		E485E7441A23731900BE0A55 /* Sampler.app */ = {isa = PBXFileReference; explicitFileType = wrapper.application; includeInIndex = 0; path = Sampler.app; sourceTree = BUILT_PRODUCTS_DIR; };
		E485E7481A23731900BE0A55 /* Info.plist */ = {isa = PBXFileReference; lastKnownFileType = text.plist.xml; path = Info.plist; sourceTree = "<group>"; };
		E485E7491A23731900BE0A55 /* main.m */ = {isa = PBXFileReference; lastKnownFileType = sourcecode.c.objc; path = main.m; sourceTree = "<group>"; };
		E485E74B1A23731A00BE0A55 /* AppDelegate.h */ = {isa = PBXFileReference; lastKnownFileType = sourcecode.c.h; path = AppDelegate.h; sourceTree = "<group>"; };
		E485E74C1A23731A00BE0A55 /* AppDelegate.m */ = {isa = PBXFileReference; lastKnownFileType = sourcecode.c.objc; path = AppDelegate.m; sourceTree = "<group>"; };
		E485E74E1A23731A00BE0A55 /* RootViewController.h */ = {isa = PBXFileReference; lastKnownFileType = sourcecode.c.h; path = RootViewController.h; sourceTree = "<group>"; };
		E485E74F1A23731A00BE0A55 /* RootViewController.m */ = {isa = PBXFileReference; lastKnownFileType = sourcecode.c.objc; path = RootViewController.m; sourceTree = "<group>"; };
		E485E7521A23731A00BE0A55 /* Base */ = {isa = PBXFileReference; lastKnownFileType = file.storyboard; name = Base; path = Base.lproj/Main.storyboard; sourceTree = "<group>"; };
		E485E7541A23731A00BE0A55 /* Images.xcassets */ = {isa = PBXFileReference; lastKnownFileType = folder.assetcatalog; path = Images.xcassets; sourceTree = "<group>"; };
		E485E7571A23731A00BE0A55 /* Base */ = {isa = PBXFileReference; lastKnownFileType = file.xib; name = Base; path = Base.lproj/LaunchScreen.xib; sourceTree = "<group>"; };
		E485E75D1A23731A00BE0A55 /* SamplerTests.xctest */ = {isa = PBXFileReference; explicitFileType = wrapper.cfbundle; includeInIndex = 0; path = SamplerTests.xctest; sourceTree = BUILT_PRODUCTS_DIR; };
		E485E7621A23731A00BE0A55 /* Info.plist */ = {isa = PBXFileReference; lastKnownFileType = text.plist.xml; path = Info.plist; sourceTree = "<group>"; };
		E485E7631A23731A00BE0A55 /* SamplerTests.m */ = {isa = PBXFileReference; lastKnownFileType = sourcecode.c.objc; path = SamplerTests.m; sourceTree = "<group>"; };
		E485E76D1A2373A000BE0A55 /* EditTextViewController.h */ = {isa = PBXFileReference; fileEncoding = 4; lastKnownFileType = sourcecode.c.h; path = EditTextViewController.h; sourceTree = "<group>"; };
		E485E76E1A2373A000BE0A55 /* EditTextViewController.m */ = {isa = PBXFileReference; fileEncoding = 4; lastKnownFileType = sourcecode.c.objc; path = EditTextViewController.m; sourceTree = "<group>"; };
		E4B77A7E1A248C540072E221 /* SampleData.h */ = {isa = PBXFileReference; fileEncoding = 4; lastKnownFileType = sourcecode.c.h; path = SampleData.h; sourceTree = "<group>"; };
		E4B77A7F1A248C540072E221 /* SampleData.m */ = {isa = PBXFileReference; fileEncoding = 4; lastKnownFileType = sourcecode.c.objc; path = SampleData.m; sourceTree = "<group>"; };
		E4B77A851A2496500072E221 /* SampleListTableViewCell.h */ = {isa = PBXFileReference; fileEncoding = 4; lastKnownFileType = sourcecode.c.h; path = SampleListTableViewCell.h; sourceTree = "<group>"; };
		E4B77A861A2496500072E221 /* SampleListTableViewCell.m */ = {isa = PBXFileReference; fileEncoding = 4; lastKnownFileType = sourcecode.c.objc; path = SampleListTableViewCell.m; sourceTree = "<group>"; };
		E4B77A871A2496500072E221 /* SampleListTableViewCell.xib */ = {isa = PBXFileReference; fileEncoding = 4; lastKnownFileType = file.xib; path = SampleListTableViewCell.xib; sourceTree = "<group>"; };
		E4B77A911A24B48B0072E221 /* DetailViewController.h */ = {isa = PBXFileReference; fileEncoding = 4; lastKnownFileType = sourcecode.c.h; path = DetailViewController.h; sourceTree = "<group>"; };
		E4B77A921A24B48B0072E221 /* DetailViewController.m */ = {isa = PBXFileReference; fileEncoding = 4; lastKnownFileType = sourcecode.c.objc; path = DetailViewController.m; sourceTree = "<group>"; };
		E4E41A611A7F0B290097776E /* Localizable.strings */ = {isa = PBXFileReference; fileEncoding = 4; lastKnownFileType = text.plist.strings; path = Localizable.strings; sourceTree = "<group>"; };
		E4E41A631A7F0B850097776E /* SamplerHelper.h */ = {isa = PBXFileReference; fileEncoding = 4; lastKnownFileType = sourcecode.c.h; path = SamplerHelper.h; sourceTree = "<group>"; };
		E4E41A641A7F0B850097776E /* SamplerHelper.m */ = {isa = PBXFileReference; fileEncoding = 4; lastKnownFileType = sourcecode.c.objc; path = SamplerHelper.m; sourceTree = "<group>"; };
		E4E41A681A7F0E370097776E /* Sampler-Prefix.pch */ = {isa = PBXFileReference; fileEncoding = 4; lastKnownFileType = sourcecode.c.h; path = "Sampler-Prefix.pch"; sourceTree = SOURCE_ROOT; };
		F68DB123E1D7B71F10737377 /* Pods-Sampler.debug.xcconfig */ = {isa = PBXFileReference; includeInIndex = 1; lastKnownFileType = text.xcconfig; name = "Pods-Sampler.debug.xcconfig"; path = "Pods/Target Support Files/Pods-Sampler/Pods-Sampler.debug.xcconfig"; sourceTree = "<group>"; };
/* End PBXFileReference section */

/* Begin PBXFrameworksBuildPhase section */
		E485E7411A23731900BE0A55 /* Frameworks */ = {
			isa = PBXFrameworksBuildPhase;
			buildActionMask = 2147483647;
			files = (
				025CE05087AC5FB8268DEC08 /* Pods_Sampler.framework in Frameworks */,
			);
			runOnlyForDeploymentPostprocessing = 0;
		};
		E485E75A1A23731A00BE0A55 /* Frameworks */ = {
			isa = PBXFrameworksBuildPhase;
			buildActionMask = 2147483647;
			files = (
			);
			runOnlyForDeploymentPostprocessing = 0;
		};
/* End PBXFrameworksBuildPhase section */

/* Begin PBXGroup section */
		4D44A2909DB066FE78BBC93B /* Frameworks */ = {
			isa = PBXGroup;
			children = (
				4121C48C7D7EBEE5AA4054ED /* Pods_Sampler.framework */,
			);
			name = Frameworks;
			sourceTree = "<group>";
		};
		A091D180AD8D81391D6A5CE4 /* Pods */ = {
			isa = PBXGroup;
			children = (
				F68DB123E1D7B71F10737377 /* Pods-Sampler.debug.xcconfig */,
				565D4A70615DDDFB6EF0ADD0 /* Pods-Sampler.release.xcconfig */,
			);
			name = Pods;
			sourceTree = "<group>";
		};
		E41481261A824FEE00F207B1 /* Canvas */ = {
			isa = PBXGroup;
			children = (
				E41481271A82507100F207B1 /* CanvaseViewController.h */,
				E41481281A82507100F207B1 /* CanvaseViewController.m */,
			);
			name = Canvas;
			sourceTree = "<group>";
		};
		E414812A1A82521600F207B1 /* Data */ = {
			isa = PBXGroup;
			children = (
			);
			name = Data;
			sourceTree = "<group>";
		};
		E4423F001C746ED800F03B6A /* Table */ = {
			isa = PBXGroup;
			children = (
				E4423F011C746ED800F03B6A /* CommonTableViewCell.h */,
				E4423F021C746ED800F03B6A /* CommonTableViewCell.m */,
				E4423F031C746ED800F03B6A /* CommonTableViewController.h */,
				E4423F041C746ED800F03B6A /* CommonTableViewController.m */,
				E4423F051C746ED800F03B6A /* CommonTableViewSection.h */,
				E4423F061C746ED800F03B6A /* CommonTableViewSection.m */,
			);
			name = Table;
			path = Common/Table;
			sourceTree = "<group>";
		};
		E4423F0A1C7473CF00F03B6A /* Object */ = {
			isa = PBXGroup;
			children = (
				E4423F0B1C7473FB00F03B6A /* CommonObject.h */,
				E4423F0C1C7473FB00F03B6A /* CommonObject.m */,
			);
			name = Object;
			sourceTree = "<group>";
		};
		E485E73B1A23731900BE0A55 = {
			isa = PBXGroup;
			children = (
				E485E7461A23731900BE0A55 /* Sampler */,
				E485E7601A23731A00BE0A55 /* SamplerTests */,
				E485E7451A23731900BE0A55 /* Products */,
				A091D180AD8D81391D6A5CE4 /* Pods */,
				4D44A2909DB066FE78BBC93B /* Frameworks */,
			);
			sourceTree = "<group>";
		};
		E485E7451A23731900BE0A55 /* Products */ = {
			isa = PBXGroup;
			children = (
				E485E7441A23731900BE0A55 /* Sampler.app */,
				E485E75D1A23731A00BE0A55 /* SamplerTests.xctest */,
			);
			name = Products;
			sourceTree = "<group>";
		};
		E485E7461A23731900BE0A55 /* Sampler */ = {
			isa = PBXGroup;
			children = (
				E4E41A661A7F0B8B0097776E /* Common */,
				E41481261A824FEE00F207B1 /* Canvas */,
				E4B77A901A24B46C0072E221 /* DetailView */,
				E4B77A841A24962C0072E221 /* TableView */,
				E4B77A7D1A248C350072E221 /* SampleData */,
				E485E76D1A2373A000BE0A55 /* EditTextViewController.h */,
				E485E76E1A2373A000BE0A55 /* EditTextViewController.m */,
				E485E74B1A23731A00BE0A55 /* AppDelegate.h */,
				E485E74C1A23731A00BE0A55 /* AppDelegate.m */,
				E485E74E1A23731A00BE0A55 /* RootViewController.h */,
				E485E74F1A23731A00BE0A55 /* RootViewController.m */,
				E485E7511A23731A00BE0A55 /* Main.storyboard */,
				E485E7541A23731A00BE0A55 /* Images.xcassets */,
				E485E7561A23731A00BE0A55 /* LaunchScreen.xib */,
				E485E7471A23731900BE0A55 /* Supporting Files */,
			);
			path = Sampler;
			sourceTree = "<group>";
		};
		E485E7471A23731900BE0A55 /* Supporting Files */ = {
			isa = PBXGroup;
			children = (
				E4E41A681A7F0E370097776E /* Sampler-Prefix.pch */,
				E485E7481A23731900BE0A55 /* Info.plist */,
				E485E7491A23731900BE0A55 /* main.m */,
				E4E41A611A7F0B290097776E /* Localizable.strings */,
			);
			name = "Supporting Files";
			sourceTree = "<group>";
		};
		E485E7601A23731A00BE0A55 /* SamplerTests */ = {
			isa = PBXGroup;
			children = (
				E485E7631A23731A00BE0A55 /* SamplerTests.m */,
				E485E7611A23731A00BE0A55 /* Supporting Files */,
			);
			path = SamplerTests;
			sourceTree = "<group>";
		};
		E485E7611A23731A00BE0A55 /* Supporting Files */ = {
			isa = PBXGroup;
			children = (
				E485E7621A23731A00BE0A55 /* Info.plist */,
			);
			name = "Supporting Files";
			sourceTree = "<group>";
		};
		E4B77A7D1A248C350072E221 /* SampleData */ = {
			isa = PBXGroup;
			children = (
				E4B77A7E1A248C540072E221 /* SampleData.h */,
				E4B77A7F1A248C540072E221 /* SampleData.m */,
			);
			name = SampleData;
			sourceTree = "<group>";
		};
		E4B77A841A24962C0072E221 /* TableView */ = {
			isa = PBXGroup;
			children = (
				E4B77A851A2496500072E221 /* SampleListTableViewCell.h */,
				E4B77A861A2496500072E221 /* SampleListTableViewCell.m */,
				E4B77A871A2496500072E221 /* SampleListTableViewCell.xib */,
			);
			name = TableView;
			sourceTree = "<group>";
		};
		E4B77A901A24B46C0072E221 /* DetailView */ = {
			isa = PBXGroup;
			children = (
				E4B77A911A24B48B0072E221 /* DetailViewController.h */,
				E4B77A921A24B48B0072E221 /* DetailViewController.m */,
			);
			name = DetailView;
			sourceTree = "<group>";
		};
		E4E41A661A7F0B8B0097776E /* Common */ = {
			isa = PBXGroup;
			children = (
				E4423F0A1C7473CF00F03B6A /* Object */,
				E4423F001C746ED800F03B6A /* Table */,
				E414812A1A82521600F207B1 /* Data */,
				E4E41A631A7F0B850097776E /* SamplerHelper.h */,
				E4E41A641A7F0B850097776E /* SamplerHelper.m */,
			);
			name = Common;
			sourceTree = "<group>";
		};
/* End PBXGroup section */

/* Begin PBXNativeTarget section */
		E485E7431A23731900BE0A55 /* Sampler */ = {
			isa = PBXNativeTarget;
			buildConfigurationList = E485E7671A23731A00BE0A55 /* Build configuration list for PBXNativeTarget "Sampler" */;
			buildPhases = (
				EF7DFD2D9A174117C1A89B7E /* Check Pods Manifest.lock */,
				E485E7401A23731900BE0A55 /* Sources */,
				E485E7411A23731900BE0A55 /* Frameworks */,
				E485E7421A23731900BE0A55 /* Resources */,
				125ECB15944CC8EBFE36E141 /* Embed Pods Frameworks */,
				C69B57180FAB6D8C033898EF /* Copy Pods Resources */,
			);
			buildRules = (
			);
			dependencies = (
			);
			name = Sampler;
			productName = Sampler;
			productReference = E485E7441A23731900BE0A55 /* Sampler.app */;
			productType = "com.apple.product-type.application";
		};
		E485E75C1A23731A00BE0A55 /* SamplerTests */ = {
			isa = PBXNativeTarget;
			buildConfigurationList = E485E76A1A23731A00BE0A55 /* Build configuration list for PBXNativeTarget "SamplerTests" */;
			buildPhases = (
				E485E7591A23731A00BE0A55 /* Sources */,
				E485E75A1A23731A00BE0A55 /* Frameworks */,
				E485E75B1A23731A00BE0A55 /* Resources */,
			);
			buildRules = (
			);
			dependencies = (
				E485E75F1A23731A00BE0A55 /* PBXTargetDependency */,
			);
			name = SamplerTests;
			productName = SamplerTests;
			productReference = E485E75D1A23731A00BE0A55 /* SamplerTests.xctest */;
			productType = "com.apple.product-type.bundle.unit-test";
		};
/* End PBXNativeTarget section */

/* Begin PBXProject section */
		E485E73C1A23731900BE0A55 /* Project object */ = {
			isa = PBXProject;
			attributes = {
				LastUpgradeCheck = 0610;
				ORGANIZATIONNAME = song;
				TargetAttributes = {
					E485E7431A23731900BE0A55 = {
						CreatedOnToolsVersion = 6.1;
					};
					E485E75C1A23731A00BE0A55 = {
						CreatedOnToolsVersion = 6.1;
						TestTargetID = E485E7431A23731900BE0A55;
					};
				};
			};
			buildConfigurationList = E485E73F1A23731900BE0A55 /* Build configuration list for PBXProject "Sampler" */;
			compatibilityVersion = "Xcode 3.2";
			developmentRegion = English;
			hasScannedForEncodings = 0;
			knownRegions = (
				en,
				Base,
			);
			mainGroup = E485E73B1A23731900BE0A55;
			productRefGroup = E485E7451A23731900BE0A55 /* Products */;
			projectDirPath = "";
			projectRoot = "";
			targets = (
				E485E7431A23731900BE0A55 /* Sampler */,
				E485E75C1A23731A00BE0A55 /* SamplerTests */,
			);
		};
/* End PBXProject section */

/* Begin PBXResourcesBuildPhase section */
		E485E7421A23731900BE0A55 /* Resources */ = {
			isa = PBXResourcesBuildPhase;
			buildActionMask = 2147483647;
			files = (
				E4E41A621A7F0B290097776E /* Localizable.strings in Resources */,
				E4B77A891A2496500072E221 /* SampleListTableViewCell.xib in Resources */,
				E485E7531A23731A00BE0A55 /* Main.storyboard in Resources */,
				E485E7581A23731A00BE0A55 /* LaunchScreen.xib in Resources */,
				E485E7551A23731A00BE0A55 /* Images.xcassets in Resources */,
			);
			runOnlyForDeploymentPostprocessing = 0;
		};
		E485E75B1A23731A00BE0A55 /* Resources */ = {
			isa = PBXResourcesBuildPhase;
			buildActionMask = 2147483647;
			files = (
			);
			runOnlyForDeploymentPostprocessing = 0;
		};
/* End PBXResourcesBuildPhase section */

/* Begin PBXShellScriptBuildPhase section */
		125ECB15944CC8EBFE36E141 /* Embed Pods Frameworks */ = {
			isa = PBXShellScriptBuildPhase;
			buildActionMask = 2147483647;
			files = (
			);
			inputPaths = (
			);
			name = "Embed Pods Frameworks";
			outputPaths = (
			);
			runOnlyForDeploymentPostprocessing = 0;
			shellPath = /bin/sh;
			shellScript = "\"${SRCROOT}/Pods/Target Support Files/Pods-Sampler/Pods-Sampler-frameworks.sh\"\n";
			showEnvVarsInLog = 0;
		};
		C69B57180FAB6D8C033898EF /* Copy Pods Resources */ = {
			isa = PBXShellScriptBuildPhase;
			buildActionMask = 2147483647;
			files = (
			);
			inputPaths = (
			);
			name = "Copy Pods Resources";
			outputPaths = (
			);
			runOnlyForDeploymentPostprocessing = 0;
			shellPath = /bin/sh;
			shellScript = "\"${SRCROOT}/Pods/Target Support Files/Pods-Sampler/Pods-Sampler-resources.sh\"\n";
			showEnvVarsInLog = 0;
		};
		EF7DFD2D9A174117C1A89B7E /* Check Pods Manifest.lock */ = {
			isa = PBXShellScriptBuildPhase;
			buildActionMask = 2147483647;
			files = (
			);
			inputPaths = (
			);
			name = "Check Pods Manifest.lock";
			outputPaths = (
			);
			runOnlyForDeploymentPostprocessing = 0;
			shellPath = /bin/sh;
			shellScript = "diff \"${PODS_ROOT}/../Podfile.lock\" \"${PODS_ROOT}/Manifest.lock\" > /dev/null\nif [[ $? != 0 ]] ; then\n    cat << EOM\nerror: The sandbox is not in sync with the Podfile.lock. Run 'pod install' or update your CocoaPods installation.\nEOM\n    exit 1\nfi\n";
			showEnvVarsInLog = 0;
		};
/* End PBXShellScriptBuildPhase section */

/* Begin PBXSourcesBuildPhase section */
		E485E7401A23731900BE0A55 /* Sources */ = {
			isa = PBXSourcesBuildPhase;
			buildActionMask = 2147483647;
			files = (
				E4423F081C746ED800F03B6A /* CommonTableViewController.m in Sources */,
				E4423F0D1C7473FB00F03B6A /* CommonObject.m in Sources */,
				E4B77A801A248C540072E221 /* SampleData.m in Sources */,
				E4B77A881A2496500072E221 /* SampleListTableViewCell.m in Sources */,
				E4423F071C746ED800F03B6A /* CommonTableViewCell.m in Sources */,
				E4423F091C746ED800F03B6A /* CommonTableViewSection.m in Sources */,
				E41481291A82507100F207B1 /* CanvaseViewController.m in Sources */,
				E485E7501A23731A00BE0A55 /* RootViewController.m in Sources */,
				E485E76F1A2373A000BE0A55 /* EditTextViewController.m in Sources */,
				E485E74D1A23731A00BE0A55 /* AppDelegate.m in Sources */,
				E485E74A1A23731900BE0A55 /* main.m in Sources */,
				E4E41A651A7F0B850097776E /* SamplerHelper.m in Sources */,
				E4B77A941A24B48B0072E221 /* DetailViewController.m in Sources */,
			);
			runOnlyForDeploymentPostprocessing = 0;
		};
		E485E7591A23731A00BE0A55 /* Sources */ = {
			isa = PBXSourcesBuildPhase;
			buildActionMask = 2147483647;
			files = (
				E485E7641A23731A00BE0A55 /* SamplerTests.m in Sources */,
			);
			runOnlyForDeploymentPostprocessing = 0;
		};
/* End PBXSourcesBuildPhase section */

/* Begin PBXTargetDependency section */
		E485E75F1A23731A00BE0A55 /* PBXTargetDependency */ = {
			isa = PBXTargetDependency;
			target = E485E7431A23731900BE0A55 /* Sampler */;
			targetProxy = E485E75E1A23731A00BE0A55 /* PBXContainerItemProxy */;
		};
/* End PBXTargetDependency section */

/* Begin PBXVariantGroup section */
		E485E7511A23731A00BE0A55 /* Main.storyboard */ = {
			isa = PBXVariantGroup;
			children = (
				E485E7521A23731A00BE0A55 /* Base */,
			);
			name = Main.storyboard;
			sourceTree = "<group>";
		};
		E485E7561A23731A00BE0A55 /* LaunchScreen.xib */ = {
			isa = PBXVariantGroup;
			children = (
				E485E7571A23731A00BE0A55 /* Base */,
			);
			name = LaunchScreen.xib;
			sourceTree = "<group>";
		};
/* End PBXVariantGroup section */

/* Begin XCBuildConfiguration section */
		E485E7651A23731A00BE0A55 /* Debug */ = {
			isa = XCBuildConfiguration;
			buildSettings = {
				ALWAYS_SEARCH_USER_PATHS = NO;
				CLANG_CXX_LANGUAGE_STANDARD = "gnu++0x";
				CLANG_CXX_LIBRARY = "libc++";
				CLANG_ENABLE_MODULES = YES;
				CLANG_ENABLE_OBJC_ARC = YES;
				CLANG_WARN_BOOL_CONVERSION = YES;
				CLANG_WARN_CONSTANT_CONVERSION = YES;
				CLANG_WARN_DIRECT_OBJC_ISA_USAGE = YES_ERROR;
				CLANG_WARN_EMPTY_BODY = YES;
				CLANG_WARN_ENUM_CONVERSION = YES;
				CLANG_WARN_INT_CONVERSION = YES;
				CLANG_WARN_OBJC_ROOT_CLASS = YES_ERROR;
				CLANG_WARN_UNREACHABLE_CODE = YES;
				CLANG_WARN__DUPLICATE_METHOD_MATCH = YES;
				"CODE_SIGN_IDENTITY[sdk=iphoneos*]" = "iPhone Developer";
				COPY_PHASE_STRIP = NO;
				ENABLE_STRICT_OBJC_MSGSEND = YES;
				GCC_C_LANGUAGE_STANDARD = gnu99;
				GCC_DYNAMIC_NO_PIC = NO;
				GCC_OPTIMIZATION_LEVEL = 0;
				GCC_PREPROCESSOR_DEFINITIONS = (
					"DEBUG=1",
					"$(inherited)",
				);
				GCC_SYMBOLS_PRIVATE_EXTERN = NO;
				GCC_WARN_64_TO_32_BIT_CONVERSION = YES;
				GCC_WARN_ABOUT_RETURN_TYPE = YES_ERROR;
				GCC_WARN_UNDECLARED_SELECTOR = YES;
				GCC_WARN_UNINITIALIZED_AUTOS = YES_AGGRESSIVE;
				GCC_WARN_UNUSED_FUNCTION = YES;
				GCC_WARN_UNUSED_VARIABLE = YES;
				IPHONEOS_DEPLOYMENT_TARGET = 8.1;
				MTL_ENABLE_DEBUG_INFO = YES;
				ONLY_ACTIVE_ARCH = YES;
				SDKROOT = iphoneos;
			};
			name = Debug;
		};
		E485E7661A23731A00BE0A55 /* Release */ = {
			isa = XCBuildConfiguration;
			buildSettings = {
				ALWAYS_SEARCH_USER_PATHS = NO;
				CLANG_CXX_LANGUAGE_STANDARD = "gnu++0x";
				CLANG_CXX_LIBRARY = "libc++";
				CLANG_ENABLE_MODULES = YES;
				CLANG_ENABLE_OBJC_ARC = YES;
				CLANG_WARN_BOOL_CONVERSION = YES;
				CLANG_WARN_CONSTANT_CONVERSION = YES;
				CLANG_WARN_DIRECT_OBJC_ISA_USAGE = YES_ERROR;
				CLANG_WARN_EMPTY_BODY = YES;
				CLANG_WARN_ENUM_CONVERSION = YES;
				CLANG_WARN_INT_CONVERSION = YES;
				CLANG_WARN_OBJC_ROOT_CLASS = YES_ERROR;
				CLANG_WARN_UNREACHABLE_CODE = YES;
				CLANG_WARN__DUPLICATE_METHOD_MATCH = YES;
				"CODE_SIGN_IDENTITY[sdk=iphoneos*]" = "iPhone Developer";
				COPY_PHASE_STRIP = YES;
				ENABLE_NS_ASSERTIONS = NO;
				ENABLE_STRICT_OBJC_MSGSEND = YES;
				GCC_C_LANGUAGE_STANDARD = gnu99;
				GCC_WARN_64_TO_32_BIT_CONVERSION = YES;
				GCC_WARN_ABOUT_RETURN_TYPE = YES_ERROR;
				GCC_WARN_UNDECLARED_SELECTOR = YES;
				GCC_WARN_UNINITIALIZED_AUTOS = YES_AGGRESSIVE;
				GCC_WARN_UNUSED_FUNCTION = YES;
				GCC_WARN_UNUSED_VARIABLE = YES;
				IPHONEOS_DEPLOYMENT_TARGET = 8.1;
				MTL_ENABLE_DEBUG_INFO = NO;
				SDKROOT = iphoneos;
				VALIDATE_PRODUCT = YES;
			};
			name = Release;
		};
		E485E7681A23731A00BE0A55 /* Debug */ = {
			isa = XCBuildConfiguration;
			baseConfigurationReference = F68DB123E1D7B71F10737377 /* Pods-Sampler.debug.xcconfig */;
			buildSettings = {
				ASSETCATALOG_COMPILER_APPICON_NAME = AppIcon;
				"CODE_SIGN_IDENTITY[sdk=iphoneos*]" = "iPhone Developer: song Hur (LW7NFZZ8R9)";
				GCC_PREFIX_HEADER = "Sampler-Prefix.pch";
				INFOPLIST_FILE = Sampler/Info.plist;
				LD_RUNPATH_SEARCH_PATHS = "$(inherited) @executable_path/Frameworks";
				PRODUCT_NAME = "$(TARGET_NAME)";
				PROVISIONING_PROFILE = "e4d6465d-80b4-41b1-9223-968e8892b63e";
			};
			name = Debug;
		};
		E485E7691A23731A00BE0A55 /* Release */ = {
			isa = XCBuildConfiguration;
			baseConfigurationReference = 565D4A70615DDDFB6EF0ADD0 /* Pods-Sampler.release.xcconfig */;
			buildSettings = {
				ASSETCATALOG_COMPILER_APPICON_NAME = AppIcon;
				GCC_PREFIX_HEADER = "Sampler-Prefix.pch";
				INFOPLIST_FILE = Sampler/Info.plist;
				LD_RUNPATH_SEARCH_PATHS = "$(inherited) @executable_path/Frameworks";
				PRODUCT_NAME = "$(TARGET_NAME)";
			};
			name = Release;
		};
		E485E76B1A23731A00BE0A55 /* Debug */ = {
			isa = XCBuildConfiguration;
			buildSettings = {
				BUNDLE_LOADER = "$(TEST_HOST)";
				FRAMEWORK_SEARCH_PATHS = (
					"$(SDKROOT)/Developer/Library/Frameworks",
					"$(inherited)",
				);
				GCC_PREPROCESSOR_DEFINITIONS = (
					"DEBUG=1",
					"$(inherited)",
				);
				INFOPLIST_FILE = SamplerTests/Info.plist;
				LD_RUNPATH_SEARCH_PATHS = "$(inherited) @executable_path/Frameworks @loader_path/Frameworks";
				PRODUCT_NAME = "$(TARGET_NAME)";
				TEST_HOST = "$(BUILT_PRODUCTS_DIR)/Sampler.app/Sampler";
			};
			name = Debug;
		};
		E485E76C1A23731A00BE0A55 /* Release */ = {
			isa = XCBuildConfiguration;
			buildSettings = {
				BUNDLE_LOADER = "$(TEST_HOST)";
				FRAMEWORK_SEARCH_PATHS = (
					"$(SDKROOT)/Developer/Library/Frameworks",
					"$(inherited)",
				);
				INFOPLIST_FILE = SamplerTests/Info.plist;
				LD_RUNPATH_SEARCH_PATHS = "$(inherited) @executable_path/Frameworks @loader_path/Frameworks";
				PRODUCT_NAME = "$(TARGET_NAME)";
				TEST_HOST = "$(BUILT_PRODUCTS_DIR)/Sampler.app/Sampler";
			};
			name = Release;
		};
/* End XCBuildConfiguration section */

/* Begin XCConfigurationList section */
		E485E73F1A23731900BE0A55 /* Build configuration list for PBXProject "Sampler" */ = {
			isa = XCConfigurationList;
			buildConfigurations = (
				E485E7651A23731A00BE0A55 /* Debug */,
				E485E7661A23731A00BE0A55 /* Release */,
			);
			defaultConfigurationIsVisible = 0;
			defaultConfigurationName = Release;
		};
		E485E7671A23731A00BE0A55 /* Build configuration list for PBXNativeTarget "Sampler" */ = {
			isa = XCConfigurationList;
			buildConfigurations = (
				E485E7681A23731A00BE0A55 /* Debug */,
				E485E7691A23731A00BE0A55 /* Release */,
			);
			defaultConfigurationIsVisible = 0;
			defaultConfigurationName = Release;
		};
		E485E76A1A23731A00BE0A55 /* Build configuration list for PBXNativeTarget "SamplerTests" */ = {
			isa = XCConfigurationList;
			buildConfigurations = (
				E485E76B1A23731A00BE0A55 /* Debug */,
				E485E76C1A23731A00BE0A55 /* Release */,
			);
			defaultConfigurationIsVisible = 0;
			defaultConfigurationName = Release;
		};
/* End XCConfigurationList section */
	};
	rootObject = E485E73C1A23731900BE0A55 /* Project object */;
}
